// !$*UTF8*$!
{
	archiveVersion = 1;
	classes = {
	};
	objectVersion = 51;
	objects = {

/* Begin PBXBuildFile section */
		000C55BE27EB913B00382081 /* SearchViewController.swift in Sources */ = {isa = PBXBuildFile; fileRef = 000C55BC27EB913B00382081 /* SearchViewController.swift */; };
		000C55BF27EB913B00382081 /* SearchViewController.xib in Resources */ = {isa = PBXBuildFile; fileRef = 000C55BD27EB913B00382081 /* SearchViewController.xib */; };
		000C55C727EBAF7000382081 /* GooglePlacesManager.swift in Sources */ = {isa = PBXBuildFile; fileRef = 000C55C627EBAF7000382081 /* GooglePlacesManager.swift */; };
		000C55C927EBB26E00382081 /* PlaceModel.swift in Sources */ = {isa = PBXBuildFile; fileRef = 000C55C827EBB26E00382081 /* PlaceModel.swift */; };
		0041545C27EFDDC600B3BEC0 /* Theme.swift in Sources */ = {isa = PBXBuildFile; fileRef = 0041545B27EFDDC600B3BEC0 /* Theme.swift */; };
		0041546027F0BA8500B3BEC0 /* PlacesCell.swift in Sources */ = {isa = PBXBuildFile; fileRef = 0041545E27F0BA8500B3BEC0 /* PlacesCell.swift */; };
		0041546127F0BA8500B3BEC0 /* PlacesCell.xib in Resources */ = {isa = PBXBuildFile; fileRef = 0041545F27F0BA8500B3BEC0 /* PlacesCell.xib */; };
		0071540427E506C7000610D0 /* NetworkManager.swift in Sources */ = {isa = PBXBuildFile; fileRef = 0071540327E506C7000610D0 /* NetworkManager.swift */; };
		0071540A27E793F5000610D0 /* DateFormatter.swift in Sources */ = {isa = PBXBuildFile; fileRef = 0071540927E793F5000610D0 /* DateFormatter.swift */; };
		0071540C27E79F34000610D0 /* Icons.swift in Sources */ = {isa = PBXBuildFile; fileRef = 0071540B27E79F34000610D0 /* Icons.swift */; };
		0071541027E7A94F000610D0 /* HourlyCollectionViewCell.swift in Sources */ = {isa = PBXBuildFile; fileRef = 0071540E27E7A94F000610D0 /* HourlyCollectionViewCell.swift */; };
		0071541127E7A94F000610D0 /* HourlyCollectionViewCell.xib in Resources */ = {isa = PBXBuildFile; fileRef = 0071540F27E7A94F000610D0 /* HourlyCollectionViewCell.xib */; };
		0072F2C127E4864400DDB6BB /* AppDelegate.swift in Sources */ = {isa = PBXBuildFile; fileRef = 0072F2C027E4864400DDB6BB /* AppDelegate.swift */; };
		0072F2C327E4864400DDB6BB /* SceneDelegate.swift in Sources */ = {isa = PBXBuildFile; fileRef = 0072F2C227E4864400DDB6BB /* SceneDelegate.swift */; };
		0072F2CA27E4864400DDB6BB /* Assets.xcassets in Resources */ = {isa = PBXBuildFile; fileRef = 0072F2C927E4864400DDB6BB /* Assets.xcassets */; };
		0072F2CD27E4864400DDB6BB /* LaunchScreen.storyboard in Resources */ = {isa = PBXBuildFile; fileRef = 0072F2CB27E4864400DDB6BB /* LaunchScreen.storyboard */; };
		0072F2D727E4A0E600DDB6BB /* MainViewController.swift in Sources */ = {isa = PBXBuildFile; fileRef = 0072F2D527E4A0E600DDB6BB /* MainViewController.swift */; };
		0072F2D827E4A0E600DDB6BB /* MainViewController.xib in Resources */ = {isa = PBXBuildFile; fileRef = 0072F2D627E4A0E600DDB6BB /* MainViewController.xib */; };
		0072F2DC27E4A17300DDB6BB /* MainViewModel.swift in Sources */ = {isa = PBXBuildFile; fileRef = 0072F2DB27E4A17300DDB6BB /* MainViewModel.swift */; };
		0072F2DF27E4A97A00DDB6BB /* WeatherModel.swift in Sources */ = {isa = PBXBuildFile; fileRef = 0072F2DE27E4A97A00DDB6BB /* WeatherModel.swift */; };
		0072F2E527E4AB4D00DDB6BB /* WeatherCell.swift in Sources */ = {isa = PBXBuildFile; fileRef = 0072F2E327E4AB4D00DDB6BB /* WeatherCell.swift */; };
		0072F2E627E4AB4D00DDB6BB /* WeatherCell.xib in Resources */ = {isa = PBXBuildFile; fileRef = 0072F2E427E4AB4D00DDB6BB /* WeatherCell.xib */; };
		0072F2EA27E4ABF300DDB6BB /* HourlyCell.swift in Sources */ = {isa = PBXBuildFile; fileRef = 0072F2E827E4ABF300DDB6BB /* HourlyCell.swift */; };
		0072F2EB27E4ABF300DDB6BB /* HourlyCell.xib in Resources */ = {isa = PBXBuildFile; fileRef = 0072F2E927E4ABF300DDB6BB /* HourlyCell.xib */; };
		0074049327E86885000DA155 /* Compass.swift in Sources */ = {isa = PBXBuildFile; fileRef = 0074049227E86885000DA155 /* Compass.swift */; };
		0074049627E9B90F000DA155 /* ReplacingString.swift in Sources */ = {isa = PBXBuildFile; fileRef = 0074049527E9B90F000DA155 /* ReplacingString.swift */; };
		0074049B27E9CAB7000DA155 /* MapViewController.swift in Sources */ = {isa = PBXBuildFile; fileRef = 0074049927E9CAB7000DA155 /* MapViewController.swift */; };
		0074049C27E9CAB7000DA155 /* MapViewController.xib in Resources */ = {isa = PBXBuildFile; fileRef = 0074049A27E9CAB7000DA155 /* MapViewController.xib */; };
		00BED7E227EDED980052B265 /* Converter.swift in Sources */ = {isa = PBXBuildFile; fileRef = 00BED7E127EDED970052B265 /* Converter.swift */; };
		925268F29DEEC4ECEC654DE2 /* Pods_WeatherApplication.framework in Frameworks */ = {isa = PBXBuildFile; fileRef = E2D2D05BAC0E2A96D45B3974 /* Pods_WeatherApplication.framework */; };
/* End PBXBuildFile section */

/* Begin PBXFileReference section */
		000C55BC27EB913B00382081 /* SearchViewController.swift */ = {isa = PBXFileReference; lastKnownFileType = sourcecode.swift; path = SearchViewController.swift; sourceTree = "<group>"; };
		000C55BD27EB913B00382081 /* SearchViewController.xib */ = {isa = PBXFileReference; lastKnownFileType = file.xib; path = SearchViewController.xib; sourceTree = "<group>"; };
		000C55C627EBAF7000382081 /* GooglePlacesManager.swift */ = {isa = PBXFileReference; lastKnownFileType = sourcecode.swift; path = GooglePlacesManager.swift; sourceTree = "<group>"; };
		000C55C827EBB26E00382081 /* PlaceModel.swift */ = {isa = PBXFileReference; lastKnownFileType = sourcecode.swift; path = PlaceModel.swift; sourceTree = "<group>"; };
		0041545B27EFDDC600B3BEC0 /* Theme.swift */ = {isa = PBXFileReference; lastKnownFileType = sourcecode.swift; path = Theme.swift; sourceTree = "<group>"; };
		0041545E27F0BA8500B3BEC0 /* PlacesCell.swift */ = {isa = PBXFileReference; lastKnownFileType = sourcecode.swift; path = PlacesCell.swift; sourceTree = "<group>"; };
		0041545F27F0BA8500B3BEC0 /* PlacesCell.xib */ = {isa = PBXFileReference; lastKnownFileType = file.xib; path = PlacesCell.xib; sourceTree = "<group>"; };
		0071540327E506C7000610D0 /* NetworkManager.swift */ = {isa = PBXFileReference; lastKnownFileType = sourcecode.swift; path = NetworkManager.swift; sourceTree = "<group>"; };
		0071540927E793F5000610D0 /* DateFormatter.swift */ = {isa = PBXFileReference; lastKnownFileType = sourcecode.swift; path = DateFormatter.swift; sourceTree = "<group>"; };
		0071540B27E79F34000610D0 /* Icons.swift */ = {isa = PBXFileReference; lastKnownFileType = sourcecode.swift; path = Icons.swift; sourceTree = "<group>"; };
		0071540E27E7A94F000610D0 /* HourlyCollectionViewCell.swift */ = {isa = PBXFileReference; lastKnownFileType = sourcecode.swift; path = HourlyCollectionViewCell.swift; sourceTree = "<group>"; };
		0071540F27E7A94F000610D0 /* HourlyCollectionViewCell.xib */ = {isa = PBXFileReference; lastKnownFileType = file.xib; path = HourlyCollectionViewCell.xib; sourceTree = "<group>"; };
		0072F2BD27E4864400DDB6BB /* WeatherApplication.app */ = {isa = PBXFileReference; explicitFileType = wrapper.application; includeInIndex = 0; path = WeatherApplication.app; sourceTree = BUILT_PRODUCTS_DIR; };
		0072F2C027E4864400DDB6BB /* AppDelegate.swift */ = {isa = PBXFileReference; lastKnownFileType = sourcecode.swift; path = AppDelegate.swift; sourceTree = "<group>"; };
		0072F2C227E4864400DDB6BB /* SceneDelegate.swift */ = {isa = PBXFileReference; lastKnownFileType = sourcecode.swift; path = SceneDelegate.swift; sourceTree = "<group>"; };
		0072F2C927E4864400DDB6BB /* Assets.xcassets */ = {isa = PBXFileReference; lastKnownFileType = folder.assetcatalog; path = Assets.xcassets; sourceTree = "<group>"; };
		0072F2CC27E4864400DDB6BB /* Base */ = {isa = PBXFileReference; lastKnownFileType = file.storyboard; name = Base; path = Base.lproj/LaunchScreen.storyboard; sourceTree = "<group>"; };
		0072F2CE27E4864400DDB6BB /* Info.plist */ = {isa = PBXFileReference; lastKnownFileType = text.plist.xml; path = Info.plist; sourceTree = "<group>"; };
		0072F2D527E4A0E600DDB6BB /* MainViewController.swift */ = {isa = PBXFileReference; lastKnownFileType = sourcecode.swift; path = MainViewController.swift; sourceTree = "<group>"; };
		0072F2D627E4A0E600DDB6BB /* MainViewController.xib */ = {isa = PBXFileReference; lastKnownFileType = file.xib; path = MainViewController.xib; sourceTree = "<group>"; };
		0072F2DB27E4A17300DDB6BB /* MainViewModel.swift */ = {isa = PBXFileReference; lastKnownFileType = sourcecode.swift; path = MainViewModel.swift; sourceTree = "<group>"; };
		0072F2DE27E4A97A00DDB6BB /* WeatherModel.swift */ = {isa = PBXFileReference; lastKnownFileType = sourcecode.swift; path = WeatherModel.swift; sourceTree = "<group>"; };
		0072F2E327E4AB4D00DDB6BB /* WeatherCell.swift */ = {isa = PBXFileReference; lastKnownFileType = sourcecode.swift; path = WeatherCell.swift; sourceTree = "<group>"; };
		0072F2E427E4AB4D00DDB6BB /* WeatherCell.xib */ = {isa = PBXFileReference; lastKnownFileType = file.xib; path = WeatherCell.xib; sourceTree = "<group>"; };
		0072F2E827E4ABF300DDB6BB /* HourlyCell.swift */ = {isa = PBXFileReference; lastKnownFileType = sourcecode.swift; path = HourlyCell.swift; sourceTree = "<group>"; };
		0072F2E927E4ABF300DDB6BB /* HourlyCell.xib */ = {isa = PBXFileReference; lastKnownFileType = file.xib; path = HourlyCell.xib; sourceTree = "<group>"; };
		0074049227E86885000DA155 /* Compass.swift */ = {isa = PBXFileReference; lastKnownFileType = sourcecode.swift; path = Compass.swift; sourceTree = "<group>"; };
		0074049527E9B90F000DA155 /* ReplacingString.swift */ = {isa = PBXFileReference; lastKnownFileType = sourcecode.swift; path = ReplacingString.swift; sourceTree = "<group>"; };
		0074049927E9CAB7000DA155 /* MapViewController.swift */ = {isa = PBXFileReference; lastKnownFileType = sourcecode.swift; path = MapViewController.swift; sourceTree = "<group>"; };
		0074049A27E9CAB7000DA155 /* MapViewController.xib */ = {isa = PBXFileReference; lastKnownFileType = file.xib; path = MapViewController.xib; sourceTree = "<group>"; };
		00BED7E127EDED970052B265 /* Converter.swift */ = {isa = PBXFileReference; lastKnownFileType = sourcecode.swift; path = Converter.swift; sourceTree = "<group>"; };
		952C490EE54D13FD12AD5209 /* Pods-WeatherApplication.debug.xcconfig */ = {isa = PBXFileReference; includeInIndex = 1; lastKnownFileType = text.xcconfig; name = "Pods-WeatherApplication.debug.xcconfig"; path = "Target Support Files/Pods-WeatherApplication/Pods-WeatherApplication.debug.xcconfig"; sourceTree = "<group>"; };
		D05389364013DE5180AA3DA1 /* Pods-WeatherApplication.release.xcconfig */ = {isa = PBXFileReference; includeInIndex = 1; lastKnownFileType = text.xcconfig; name = "Pods-WeatherApplication.release.xcconfig"; path = "Target Support Files/Pods-WeatherApplication/Pods-WeatherApplication.release.xcconfig"; sourceTree = "<group>"; };
		E2D2D05BAC0E2A96D45B3974 /* Pods_WeatherApplication.framework */ = {isa = PBXFileReference; explicitFileType = wrapper.framework; includeInIndex = 0; path = Pods_WeatherApplication.framework; sourceTree = BUILT_PRODUCTS_DIR; };
/* End PBXFileReference section */

/* Begin PBXFrameworksBuildPhase section */
		0072F2BA27E4864400DDB6BB /* Frameworks */ = {
			isa = PBXFrameworksBuildPhase;
			buildActionMask = 2147483647;
			files = (
				925268F29DEEC4ECEC654DE2 /* Pods_WeatherApplication.framework in Frameworks */,
			);
			runOnlyForDeploymentPostprocessing = 0;
		};
/* End PBXFrameworksBuildPhase section */

/* Begin PBXGroup section */
		0041545827EFBCA600B3BEC0 /* SearchController */ = {
			isa = PBXGroup;
			children = (
				000C55BC27EB913B00382081 /* SearchViewController.swift */,
				000C55BD27EB913B00382081 /* SearchViewController.xib */,
			);
			path = SearchController;
			sourceTree = "<group>";
		};
		0041545D27F0BA6000B3BEC0 /* PlacesCell */ = {
			isa = PBXGroup;
			children = (
				0041545E27F0BA8500B3BEC0 /* PlacesCell.swift */,
				0041545F27F0BA8500B3BEC0 /* PlacesCell.xib */,
			);
			path = PlacesCell;
			sourceTree = "<group>";
		};
		0071540227E506A0000610D0 /* Managers */ = {
			isa = PBXGroup;
			children = (
				0071540327E506C7000610D0 /* NetworkManager.swift */,
				000C55C627EBAF7000382081 /* GooglePlacesManager.swift */,
			);
			path = Managers;
			sourceTree = "<group>";
		};
		0071540627E793CB000610D0 /* Helpers */ = {
			isa = PBXGroup;
			children = (
				0071540927E793F5000610D0 /* DateFormatter.swift */,
				0071540B27E79F34000610D0 /* Icons.swift */,
				0074049227E86885000DA155 /* Compass.swift */,
				0074049527E9B90F000DA155 /* ReplacingString.swift */,
				00BED7E127EDED970052B265 /* Converter.swift */,
				0041545B27EFDDC600B3BEC0 /* Theme.swift */,
			);
			path = Helpers;
			sourceTree = "<group>";
		};
		0071540D27E7A8FE000610D0 /* CollectionViewCell */ = {
			isa = PBXGroup;
			children = (
				0071540E27E7A94F000610D0 /* HourlyCollectionViewCell.swift */,
				0071540F27E7A94F000610D0 /* HourlyCollectionViewCell.xib */,
			);
			path = CollectionViewCell;
			sourceTree = "<group>";
		};
		0072F2B427E4864400DDB6BB = {
			isa = PBXGroup;
			children = (
				0072F2BF27E4864400DDB6BB /* WeatherApplication */,
				0072F2BE27E4864400DDB6BB /* Products */,
				24D0693CF530F4BFDB72083B /* Pods */,
				5C396297A9BEBFA6A4B2706C /* Frameworks */,
			);
			sourceTree = "<group>";
		};
		0072F2BE27E4864400DDB6BB /* Products */ = {
			isa = PBXGroup;
			children = (
				0072F2BD27E4864400DDB6BB /* WeatherApplication.app */,
			);
			name = Products;
			sourceTree = "<group>";
		};
		0072F2BF27E4864400DDB6BB /* WeatherApplication */ = {
			isa = PBXGroup;
			children = (
				00BED7E027EDEB780052B265 /* Resources */,
				0071540627E793CB000610D0 /* Helpers */,
				0071540227E506A0000610D0 /* Managers */,
				0072F2E027E4AAD500DDB6BB /* View */,
				0072F2DD27E4A96B00DDB6BB /* Models */,
				0072F2D427E4A07400DDB6BB /* Controllers  */,
				0072F2CB27E4864400DDB6BB /* LaunchScreen.storyboard */,
				0072F2CE27E4864400DDB6BB /* Info.plist */,
			);
			path = WeatherApplication;
			sourceTree = "<group>";
		};
		0072F2D427E4A07400DDB6BB /* Controllers  */ = {
			isa = PBXGroup;
			children = (
				0041545827EFBCA600B3BEC0 /* SearchController */,
				0074049827E9CA85000DA155 /* MapViewController */,
				0072F2D927E4A10600DDB6BB /* MainViewController */,
			);
			path = "Controllers ";
			sourceTree = "<group>";
		};
		0072F2D927E4A10600DDB6BB /* MainViewController */ = {
			isa = PBXGroup;
			children = (
				0072F2D527E4A0E600DDB6BB /* MainViewController.swift */,
				00BED7E327EF37B80052B265 /* MainViewModel */,
				0072F2D627E4A0E600DDB6BB /* MainViewController.xib */,
			);
			path = MainViewController;
			sourceTree = "<group>";
		};
		0072F2DD27E4A96B00DDB6BB /* Models */ = {
			isa = PBXGroup;
			children = (
				0072F2DE27E4A97A00DDB6BB /* WeatherModel.swift */,
				000C55C827EBB26E00382081 /* PlaceModel.swift */,
			);
			path = Models;
			sourceTree = "<group>";
		};
		0072F2E027E4AAD500DDB6BB /* View */ = {
			isa = PBXGroup;
			children = (
				0072F2E127E4AAEC00DDB6BB /* Cells */,
			);
			path = View;
			sourceTree = "<group>";
		};
		0072F2E127E4AAEC00DDB6BB /* Cells */ = {
			isa = PBXGroup;
			children = (
				0041545D27F0BA6000B3BEC0 /* PlacesCell */,
				0071540D27E7A8FE000610D0 /* CollectionViewCell */,
				0072F2E727E4AB8200DDB6BB /* HourlyCell */,
				0072F2E227E4AB0400DDB6BB /* WeatherCell */,
			);
			path = Cells;
			sourceTree = "<group>";
		};
		0072F2E227E4AB0400DDB6BB /* WeatherCell */ = {
			isa = PBXGroup;
			children = (
				0072F2E327E4AB4D00DDB6BB /* WeatherCell.swift */,
				0072F2E427E4AB4D00DDB6BB /* WeatherCell.xib */,
			);
			path = WeatherCell;
			sourceTree = "<group>";
		};
		0072F2E727E4AB8200DDB6BB /* HourlyCell */ = {
			isa = PBXGroup;
			children = (
				0072F2E827E4ABF300DDB6BB /* HourlyCell.swift */,
				0072F2E927E4ABF300DDB6BB /* HourlyCell.xib */,
			);
			path = HourlyCell;
			sourceTree = "<group>";
		};
		0074049827E9CA85000DA155 /* MapViewController */ = {
			isa = PBXGroup;
			children = (
				0074049927E9CAB7000DA155 /* MapViewController.swift */,
				0074049A27E9CAB7000DA155 /* MapViewController.xib */,
			);
			path = MapViewController;
			sourceTree = "<group>";
		};
		00BED7E027EDEB780052B265 /* Resources */ = {
			isa = PBXGroup;
			children = (
				0072F2C027E4864400DDB6BB /* AppDelegate.swift */,
				0072F2C227E4864400DDB6BB /* SceneDelegate.swift */,
				0072F2C927E4864400DDB6BB /* Assets.xcassets */,
			);
			path = Resources;
			sourceTree = "<group>";
		};
		00BED7E327EF37B80052B265 /* MainViewModel */ = {
			isa = PBXGroup;
			children = (
				0072F2DB27E4A17300DDB6BB /* MainViewModel.swift */,
			);
			path = MainViewModel;
			sourceTree = "<group>";
		};
		24D0693CF530F4BFDB72083B /* Pods */ = {
			isa = PBXGroup;
			children = (
				952C490EE54D13FD12AD5209 /* Pods-WeatherApplication.debug.xcconfig */,
				D05389364013DE5180AA3DA1 /* Pods-WeatherApplication.release.xcconfig */,
			);
			path = Pods;
			sourceTree = "<group>";
		};
		5C396297A9BEBFA6A4B2706C /* Frameworks */ = {
			isa = PBXGroup;
			children = (
				E2D2D05BAC0E2A96D45B3974 /* Pods_WeatherApplication.framework */,
			);
			name = Frameworks;
			sourceTree = "<group>";
		};
/* End PBXGroup section */

/* Begin PBXNativeTarget section */
		0072F2BC27E4864400DDB6BB /* WeatherApplication */ = {
			isa = PBXNativeTarget;
			buildConfigurationList = 0072F2D127E4864400DDB6BB /* Build configuration list for PBXNativeTarget "WeatherApplication" */;
			buildPhases = (
				277B15C98A82BDCCFDCC091C /* [CP] Check Pods Manifest.lock */,
				0072F2B927E4864400DDB6BB /* Sources */,
				0072F2BA27E4864400DDB6BB /* Frameworks */,
				0072F2BB27E4864400DDB6BB /* Resources */,
				F0B0A94EC98431BBB84D811F /* [CP] Embed Pods Frameworks */,
				4E53F92FDB3385D7C3B1D125 /* [CP] Copy Pods Resources */,
			);
			buildRules = (
			);
			dependencies = (
			);
			name = WeatherApplication;
			productName = WeatherApplication;
			productReference = 0072F2BD27E4864400DDB6BB /* WeatherApplication.app */;
			productType = "com.apple.product-type.application";
		};
/* End PBXNativeTarget section */

/* Begin PBXProject section */
		0072F2B527E4864400DDB6BB /* Project object */ = {
			isa = PBXProject;
			attributes = {
				LastSwiftUpdateCheck = 1250;
				LastUpgradeCheck = 1250;
				TargetAttributes = {
					0072F2BC27E4864400DDB6BB = {
						CreatedOnToolsVersion = 12.5.1;
					};
				};
			};
			buildConfigurationList = 0072F2B827E4864400DDB6BB /* Build configuration list for PBXProject "WeatherApplication" */;
			compatibilityVersion = "Xcode 9.3";
			developmentRegion = en;
			hasScannedForEncodings = 0;
			knownRegions = (
				en,
				Base,
			);
			mainGroup = 0072F2B427E4864400DDB6BB;
			productRefGroup = 0072F2BE27E4864400DDB6BB /* Products */;
			projectDirPath = "";
			projectRoot = "";
			targets = (
				0072F2BC27E4864400DDB6BB /* WeatherApplication */,
			);
		};
/* End PBXProject section */

/* Begin PBXResourcesBuildPhase section */
		0072F2BB27E4864400DDB6BB /* Resources */ = {
			isa = PBXResourcesBuildPhase;
			buildActionMask = 2147483647;
			files = (
				0072F2E627E4AB4D00DDB6BB /* WeatherCell.xib in Resources */,
				0072F2CD27E4864400DDB6BB /* LaunchScreen.storyboard in Resources */,
				0072F2D827E4A0E600DDB6BB /* MainViewController.xib in Resources */,
				0072F2CA27E4864400DDB6BB /* Assets.xcassets in Resources */,
				0074049C27E9CAB7000DA155 /* MapViewController.xib in Resources */,
				0072F2EB27E4ABF300DDB6BB /* HourlyCell.xib in Resources */,
				0041546127F0BA8500B3BEC0 /* PlacesCell.xib in Resources */,
				000C55BF27EB913B00382081 /* SearchViewController.xib in Resources */,
				0071541127E7A94F000610D0 /* HourlyCollectionViewCell.xib in Resources */,
			);
			runOnlyForDeploymentPostprocessing = 0;
		};
/* End PBXResourcesBuildPhase section */

/* Begin PBXShellScriptBuildPhase section */
		277B15C98A82BDCCFDCC091C /* [CP] Check Pods Manifest.lock */ = {
			isa = PBXShellScriptBuildPhase;
			buildActionMask = 2147483647;
			files = (
			);
			inputFileListPaths = (
			);
			inputPaths = (
				"${PODS_PODFILE_DIR_PATH}/Podfile.lock",
				"${PODS_ROOT}/Manifest.lock",
			);
			name = "[CP] Check Pods Manifest.lock";
			outputFileListPaths = (
			);
			outputPaths = (
				"$(DERIVED_FILE_DIR)/Pods-WeatherApplication-checkManifestLockResult.txt",
			);
			runOnlyForDeploymentPostprocessing = 0;
			shellPath = /bin/sh;
			shellScript = "diff \"${PODS_PODFILE_DIR_PATH}/Podfile.lock\" \"${PODS_ROOT}/Manifest.lock\" > /dev/null\nif [ $? != 0 ] ; then\n    # print error to STDERR\n    echo \"error: The sandbox is not in sync with the Podfile.lock. Run 'pod install' or update your CocoaPods installation.\" >&2\n    exit 1\nfi\n# This output is used by Xcode 'outputs' to avoid re-running this script phase.\necho \"SUCCESS\" > \"${SCRIPT_OUTPUT_FILE_0}\"\n";
			showEnvVarsInLog = 0;
		};
		4E53F92FDB3385D7C3B1D125 /* [CP] Copy Pods Resources */ = {
			isa = PBXShellScriptBuildPhase;
			buildActionMask = 2147483647;
			files = (
			);
			inputFileListPaths = (
				"${PODS_ROOT}/Target Support Files/Pods-WeatherApplication/Pods-WeatherApplication-resources-${CONFIGURATION}-input-files.xcfilelist",
			);
			name = "[CP] Copy Pods Resources";
			outputFileListPaths = (
				"${PODS_ROOT}/Target Support Files/Pods-WeatherApplication/Pods-WeatherApplication-resources-${CONFIGURATION}-output-files.xcfilelist",
			);
			runOnlyForDeploymentPostprocessing = 0;
			shellPath = /bin/sh;
			shellScript = "\"${PODS_ROOT}/Target Support Files/Pods-WeatherApplication/Pods-WeatherApplication-resources.sh\"\n";
			showEnvVarsInLog = 0;
		};
		F0B0A94EC98431BBB84D811F /* [CP] Embed Pods Frameworks */ = {
			isa = PBXShellScriptBuildPhase;
			buildActionMask = 2147483647;
			files = (
			);
			inputFileListPaths = (
				"${PODS_ROOT}/Target Support Files/Pods-WeatherApplication/Pods-WeatherApplication-frameworks-${CONFIGURATION}-input-files.xcfilelist",
			);
			name = "[CP] Embed Pods Frameworks";
			outputFileListPaths = (
				"${PODS_ROOT}/Target Support Files/Pods-WeatherApplication/Pods-WeatherApplication-frameworks-${CONFIGURATION}-output-files.xcfilelist",
			);
			runOnlyForDeploymentPostprocessing = 0;
			shellPath = /bin/sh;
			shellScript = "\"${PODS_ROOT}/Target Support Files/Pods-WeatherApplication/Pods-WeatherApplication-frameworks.sh\"\n";
			showEnvVarsInLog = 0;
		};
/* End PBXShellScriptBuildPhase section */

/* Begin PBXSourcesBuildPhase section */
		0072F2B927E4864400DDB6BB /* Sources */ = {
			isa = PBXSourcesBuildPhase;
			buildActionMask = 2147483647;
			files = (
				0071540A27E793F5000610D0 /* DateFormatter.swift in Sources */,
				000C55C927EBB26E00382081 /* PlaceModel.swift in Sources */,
				0072F2D727E4A0E600DDB6BB /* MainViewController.swift in Sources */,
				0071541027E7A94F000610D0 /* HourlyCollectionViewCell.swift in Sources */,
				0072F2DC27E4A17300DDB6BB /* MainViewModel.swift in Sources */,
				0074049327E86885000DA155 /* Compass.swift in Sources */,
				0072F2E527E4AB4D00DDB6BB /* WeatherCell.swift in Sources */,
				0041546027F0BA8500B3BEC0 /* PlacesCell.swift in Sources */,
				0072F2C127E4864400DDB6BB /* AppDelegate.swift in Sources */,
				0071540427E506C7000610D0 /* NetworkManager.swift in Sources */,
				000C55BE27EB913B00382081 /* SearchViewController.swift in Sources */,
				0072F2EA27E4ABF300DDB6BB /* HourlyCell.swift in Sources */,
				0072F2C327E4864400DDB6BB /* SceneDelegate.swift in Sources */,
				0071540C27E79F34000610D0 /* Icons.swift in Sources */,
				0074049627E9B90F000DA155 /* ReplacingString.swift in Sources */,
				00BED7E227EDED980052B265 /* Converter.swift in Sources */,
				0072F2DF27E4A97A00DDB6BB /* WeatherModel.swift in Sources */,
				0041545C27EFDDC600B3BEC0 /* Theme.swift in Sources */,
				000C55C727EBAF7000382081 /* GooglePlacesManager.swift in Sources */,
				0074049B27E9CAB7000DA155 /* MapViewController.swift in Sources */,
			);
			runOnlyForDeploymentPostprocessing = 0;
		};
/* End PBXSourcesBuildPhase section */

/* Begin PBXVariantGroup section */
		0072F2CB27E4864400DDB6BB /* LaunchScreen.storyboard */ = {
			isa = PBXVariantGroup;
			children = (
				0072F2CC27E4864400DDB6BB /* Base */,
			);
			name = LaunchScreen.storyboard;
			sourceTree = "<group>";
		};
/* End PBXVariantGroup section */

/* Begin XCBuildConfiguration section */
		0072F2CF27E4864400DDB6BB /* Debug */ = {
			isa = XCBuildConfiguration;
			buildSettings = {
				ALWAYS_SEARCH_USER_PATHS = NO;
				CLANG_ANALYZER_NONNULL = YES;
				CLANG_ANALYZER_NUMBER_OBJECT_CONVERSION = YES_AGGRESSIVE;
				CLANG_CXX_LANGUAGE_STANDARD = "gnu++14";
				CLANG_CXX_LIBRARY = "libc++";
				CLANG_ENABLE_MODULES = YES;
				CLANG_ENABLE_OBJC_ARC = YES;
				CLANG_ENABLE_OBJC_WEAK = YES;
				CLANG_WARN_BLOCK_CAPTURE_AUTORELEASING = YES;
				CLANG_WARN_BOOL_CONVERSION = YES;
				CLANG_WARN_COMMA = YES;
				CLANG_WARN_CONSTANT_CONVERSION = YES;
				CLANG_WARN_DEPRECATED_OBJC_IMPLEMENTATIONS = YES;
				CLANG_WARN_DIRECT_OBJC_ISA_USAGE = YES_ERROR;
				CLANG_WARN_DOCUMENTATION_COMMENTS = YES;
				CLANG_WARN_EMPTY_BODY = YES;
				CLANG_WARN_ENUM_CONVERSION = YES;
				CLANG_WARN_INFINITE_RECURSION = YES;
				CLANG_WARN_INT_CONVERSION = YES;
				CLANG_WARN_NON_LITERAL_NULL_CONVERSION = YES;
				CLANG_WARN_OBJC_IMPLICIT_RETAIN_SELF = YES;
				CLANG_WARN_OBJC_LITERAL_CONVERSION = YES;
				CLANG_WARN_OBJC_ROOT_CLASS = YES_ERROR;
				CLANG_WARN_QUOTED_INCLUDE_IN_FRAMEWORK_HEADER = YES;
				CLANG_WARN_RANGE_LOOP_ANALYSIS = YES;
				CLANG_WARN_STRICT_PROTOTYPES = YES;
				CLANG_WARN_SUSPICIOUS_MOVE = YES;
				CLANG_WARN_UNGUARDED_AVAILABILITY = YES_AGGRESSIVE;
				CLANG_WARN_UNREACHABLE_CODE = YES;
				CLANG_WARN__DUPLICATE_METHOD_MATCH = YES;
				COPY_PHASE_STRIP = NO;
				DEBUG_INFORMATION_FORMAT = dwarf;
				ENABLE_STRICT_OBJC_MSGSEND = YES;
				ENABLE_TESTABILITY = YES;
				"EXCLUDED_ARCHS[sdk=iphonesimulator*]" = "";
				GCC_C_LANGUAGE_STANDARD = gnu11;
				GCC_DYNAMIC_NO_PIC = NO;
				GCC_NO_COMMON_BLOCKS = YES;
				GCC_OPTIMIZATION_LEVEL = 0;
				GCC_PREPROCESSOR_DEFINITIONS = (
					"DEBUG=1",
					"$(inherited)",
				);
				GCC_WARN_64_TO_32_BIT_CONVERSION = YES;
				GCC_WARN_ABOUT_RETURN_TYPE = YES_ERROR;
				GCC_WARN_UNDECLARED_SELECTOR = YES;
				GCC_WARN_UNINITIALIZED_AUTOS = YES_AGGRESSIVE;
				GCC_WARN_UNUSED_FUNCTION = YES;
				GCC_WARN_UNUSED_VARIABLE = YES;
				IPHONEOS_DEPLOYMENT_TARGET = 13.6;
				MTL_ENABLE_DEBUG_INFO = INCLUDE_SOURCE;
				MTL_FAST_MATH = YES;
				ONLY_ACTIVE_ARCH = YES;
				SDKROOT = iphoneos;
				SWIFT_ACTIVE_COMPILATION_CONDITIONS = DEBUG;
				SWIFT_OPTIMIZATION_LEVEL = "-Onone";
				VALIDATE_WORKSPACE = NO;
			};
			name = Debug;
		};
		0072F2D027E4864400DDB6BB /* Release */ = {
			isa = XCBuildConfiguration;
			buildSettings = {
				ALWAYS_SEARCH_USER_PATHS = NO;
				CLANG_ANALYZER_NONNULL = YES;
				CLANG_ANALYZER_NUMBER_OBJECT_CONVERSION = YES_AGGRESSIVE;
				CLANG_CXX_LANGUAGE_STANDARD = "gnu++14";
				CLANG_CXX_LIBRARY = "libc++";
				CLANG_ENABLE_MODULES = YES;
				CLANG_ENABLE_OBJC_ARC = YES;
				CLANG_ENABLE_OBJC_WEAK = YES;
				CLANG_WARN_BLOCK_CAPTURE_AUTORELEASING = YES;
				CLANG_WARN_BOOL_CONVERSION = YES;
				CLANG_WARN_COMMA = YES;
				CLANG_WARN_CONSTANT_CONVERSION = YES;
				CLANG_WARN_DEPRECATED_OBJC_IMPLEMENTATIONS = YES;
				CLANG_WARN_DIRECT_OBJC_ISA_USAGE = YES_ERROR;
				CLANG_WARN_DOCUMENTATION_COMMENTS = YES;
				CLANG_WARN_EMPTY_BODY = YES;
				CLANG_WARN_ENUM_CONVERSION = YES;
				CLANG_WARN_INFINITE_RECURSION = YES;
				CLANG_WARN_INT_CONVERSION = YES;
				CLANG_WARN_NON_LITERAL_NULL_CONVERSION = YES;
				CLANG_WARN_OBJC_IMPLICIT_RETAIN_SELF = YES;
				CLANG_WARN_OBJC_LITERAL_CONVERSION = YES;
				CLANG_WARN_OBJC_ROOT_CLASS = YES_ERROR;
				CLANG_WARN_QUOTED_INCLUDE_IN_FRAMEWORK_HEADER = YES;
				CLANG_WARN_RANGE_LOOP_ANALYSIS = YES;
				CLANG_WARN_STRICT_PROTOTYPES = YES;
				CLANG_WARN_SUSPICIOUS_MOVE = YES;
				CLANG_WARN_UNGUARDED_AVAILABILITY = YES_AGGRESSIVE;
				CLANG_WARN_UNREACHABLE_CODE = YES;
				CLANG_WARN__DUPLICATE_METHOD_MATCH = YES;
				COPY_PHASE_STRIP = NO;
				DEBUG_INFORMATION_FORMAT = "dwarf-with-dsym";
				ENABLE_NS_ASSERTIONS = NO;
				ENABLE_STRICT_OBJC_MSGSEND = YES;
				"EXCLUDED_ARCHS[sdk=iphonesimulator*]" = "";
				GCC_C_LANGUAGE_STANDARD = gnu11;
				GCC_NO_COMMON_BLOCKS = YES;
				GCC_WARN_64_TO_32_BIT_CONVERSION = YES;
				GCC_WARN_ABOUT_RETURN_TYPE = YES_ERROR;
				GCC_WARN_UNDECLARED_SELECTOR = YES;
				GCC_WARN_UNINITIALIZED_AUTOS = YES_AGGRESSIVE;
				GCC_WARN_UNUSED_FUNCTION = YES;
				GCC_WARN_UNUSED_VARIABLE = YES;
				IPHONEOS_DEPLOYMENT_TARGET = 13.6;
				MTL_ENABLE_DEBUG_INFO = NO;
				MTL_FAST_MATH = YES;
				ONLY_ACTIVE_ARCH = YES;
				SDKROOT = iphoneos;
				SWIFT_COMPILATION_MODE = wholemodule;
				SWIFT_OPTIMIZATION_LEVEL = "-O";
				VALIDATE_PRODUCT = YES;
				VALIDATE_WORKSPACE = NO;
			};
			name = Release;
		};
		0072F2D227E4864400DDB6BB /* Debug */ = {
			isa = XCBuildConfiguration;
			baseConfigurationReference = 952C490EE54D13FD12AD5209 /* Pods-WeatherApplication.debug.xcconfig */;
			buildSettings = {
				ASSETCATALOG_COMPILER_APPICON_NAME = AppIcon;
				ASSETCATALOG_COMPILER_GLOBAL_ACCENT_COLOR_NAME = AccentColor;
				CODE_SIGN_STYLE = Automatic;
				"EXCLUDED_ARCHS[sdk=iphonesimulator*]" = "";
				INFOPLIST_FILE = WeatherApplication/Info.plist;
				LD_RUNPATH_SEARCH_PATHS = (
					"$(inherited)",
					"@executable_path/Frameworks",
				);
				ONLY_ACTIVE_ARCH = YES;
				PRODUCT_BUNDLE_IDENTIFIER = com.personal1.WeatherApplication;
				PRODUCT_NAME = "$(TARGET_NAME)";
				SWIFT_VERSION = 5.0;
				TARGETED_DEVICE_FAMILY = "1,2";
				VALIDATE_WORKSPACE = NO;
			};
			name = Debug;
		};
		0072F2D327E4864400DDB6BB /* Release */ = {
			isa = XCBuildConfiguration;
			baseConfigurationReference = D05389364013DE5180AA3DA1 /* Pods-WeatherApplication.release.xcconfig */;
			buildSettings = {
				ASSETCATALOG_COMPILER_APPICON_NAME = AppIcon;
				ASSETCATALOG_COMPILER_GLOBAL_ACCENT_COLOR_NAME = AccentColor;
				CODE_SIGN_STYLE = Automatic;
				"EXCLUDED_ARCHS[sdk=iphonesimulator*]" = "";
				INFOPLIST_FILE = WeatherApplication/Info.plist;
				LD_RUNPATH_SEARCH_PATHS = (
					"$(inherited)",
					"@executable_path/Frameworks",
				);
				ONLY_ACTIVE_ARCH = YES;
				PRODUCT_BUNDLE_IDENTIFIER = com.personal1.WeatherApplication;
				PRODUCT_NAME = "$(TARGET_NAME)";
				SWIFT_VERSION = 5.0;
				TARGETED_DEVICE_FAMILY = "1,2";
				VALIDATE_PRODUCT = YES;
				VALIDATE_WORKSPACE = NO;
			};
			name = Release;
		};
/* End XCBuildConfiguration section */

/* Begin XCConfigurationList section */
		0072F2B827E4864400DDB6BB /* Build configuration list for PBXProject "WeatherApplication" */ = {
			isa = XCConfigurationList;
			buildConfigurations = (
				0072F2CF27E4864400DDB6BB /* Debug */,
				0072F2D027E4864400DDB6BB /* Release */,
			);
			defaultConfigurationIsVisible = 0;
			defaultConfigurationName = Release;
		};
		0072F2D127E4864400DDB6BB /* Build configuration list for PBXNativeTarget "WeatherApplication" */ = {
			isa = XCConfigurationList;
			buildConfigurations = (
				0072F2D227E4864400DDB6BB /* Debug */,
				0072F2D327E4864400DDB6BB /* Release */,
			);
			defaultConfigurationIsVisible = 0;
			defaultConfigurationName = Release;
		};
/* End XCConfigurationList section */
	};
	rootObject = 0072F2B527E4864400DDB6BB /* Project object */;
}
